
Microsoft Visual Studio Solution File, Format Version 12.00
# Visual Studio Version 17
VisualStudioVersion = 17.0.32014.148
MinimumVisualStudioVersion = 10.0.40219.1
Project("{9A19103F-16F7-4668-BE54-9A1E7A4F7556}") = "ConsoleApp2", "ConsoleApp2.csproj", "{2D00E1F5-1737-442C-A039-A2447604FF83}"
EndProject
Project("{FAE04EC0-301F-11D3-BF4B-00C04F79EFBC}") = "Metotlar", "..\Metotlar\Metotlar.csproj", "{AAA8D835-7BE9-409B-9C12-8FDE83DF0185}"
EndProject
Project("{FAE04EC0-301F-11D3-BF4B-00C04F79EFBC}") = "Matematik", "..\Matematik\Matematik.csproj", "{1DCBD887-F2E4-4C62-A815-B023BF61C5AA}"
EndProject
Global
	GlobalSection(SolutionConfigurationPlatforms) = preSolution
		Debug|Any CPU = Debug|Any CPU
		Release|Any CPU = Release|Any CPU
	EndGlobalSection
	GlobalSection(ProjectConfigurationPlatforms) = postSolution
		{2D00E1F5-1737-442C-A039-A2447604FF83}.Debug|Any CPU.ActiveCfg = Debug|Any CPU
		{2D00E1F5-1737-442C-A039-A2447604FF83}.Debug|Any CPU.Build.0 = Debug|Any CPU
		{2D00E1F5-1737-442C-A039-A2447604FF83}.Release|Any CPU.ActiveCfg = Release|Any CPU
		{2D00E1F5-1737-442C-A039-A2447604FF83}.Release|Any CPU.Build.0 = Release|Any CPU
		{AAA8D835-7BE9-409B-9C12-8FDE83DF0185}.Debug|Any CPU.ActiveCfg = Debug|Any CPU
		{AAA8D835-7BE9-409B-9C12-8FDE83DF0185}.Debug|Any CPU.Build.0 = Debug|Any CPU
		{AAA8D835-7BE9-409B-9C12-8FDE83DF0185}.Release|Any CPU.ActiveCfg = Release|Any CPU
		{AAA8D835-7BE9-409B-9C12-8FDE83DF0185}.Release|Any CPU.Build.0 = Release|Any CPU
		{1DCBD887-F2E4-4C62-A815-B023BF61C5AA}.Debug|Any CPU.ActiveCfg = Debug|Any CPU
		{1DCBD887-F2E4-4C62-A815-B023BF61C5AA}.Debug|Any CPU.Build.0 = Debug|Any CPU
		{1DCBD887-F2E4-4C62-A815-B023BF61C5AA}.Release|Any CPU.ActiveCfg = Release|Any CPU
		{1DCBD887-F2E4-4C62-A815-B023BF61C5AA}.Release|Any CPU.Build.0 = Release|Any CPU
	EndGlobalSection
	GlobalSection(SolutionProperties) = preSolution
		HideSolutionNode = FALSE
	EndGlobalSection
	GlobalSection(ExtensibilityGlobals) = postSolution
		SolutionGuid = {E1A2239C-62FF-4E0E-B2C4-234A3DC5D046}
	EndGlobalSection
EndGlobal
